
Microsoft Visual Studio Solution File, Format Version 12.00
# Visual Studio Version 17
VisualStudioVersion = 17.5.33516.290
MinimumVisualStudioVersion = 10.0.40219.1
Project("{FAE04EC0-301F-11D3-BF4B-00C04F79EFBC}") = "CocCanAPI", "CocCanServer\CocCanAPI.csproj", "{8EAD734A-B58F-4EAE-ABFD-C2CCB85D6CBF}"
EndProject
Project("{FAE04EC0-301F-11D3-BF4B-00C04F79EFBC}") = "Repository", "Repository\Repository.csproj", "{04C179B1-1C24-466F-A8D8-FE6B5BBA0E65}"
EndProject
Project("{FAE04EC0-301F-11D3-BF4B-00C04F79EFBC}") = "CocCanService", "CocCanService\CocCanService.csproj", "{A37DC13B-12EE-4E87-B76A-07858FF0569C}"
EndProject
Global
	GlobalSection(SolutionConfigurationPlatforms) = preSolution
		Debug|Any CPU = Debug|Any CPU
		Release|Any CPU = Release|Any CPU
	EndGlobalSection
	GlobalSection(ProjectConfigurationPlatforms) = postSolution
		{8EAD734A-B58F-4EAE-ABFD-C2CCB85D6CBF}.Debug|Any CPU.ActiveCfg = Debug|Any CPU
		{8EAD734A-B58F-4EAE-ABFD-C2CCB85D6CBF}.Debug|Any CPU.Build.0 = Debug|Any CPU
		{8EAD734A-B58F-4EAE-ABFD-C2CCB85D6CBF}.Release|Any CPU.ActiveCfg = Release|Any CPU
		{8EAD734A-B58F-4EAE-ABFD-C2CCB85D6CBF}.Release|Any CPU.Build.0 = Release|Any CPU
		{04C179B1-1C24-466F-A8D8-FE6B5BBA0E65}.Debug|Any CPU.ActiveCfg = Debug|Any CPU
		{04C179B1-1C24-466F-A8D8-FE6B5BBA0E65}.Debug|Any CPU.Build.0 = Debug|Any CPU
		{04C179B1-1C24-466F-A8D8-FE6B5BBA0E65}.Release|Any CPU.ActiveCfg = Release|Any CPU
		{04C179B1-1C24-466F-A8D8-FE6B5BBA0E65}.Release|Any CPU.Build.0 = Release|Any CPU
		{A37DC13B-12EE-4E87-B76A-07858FF0569C}.Debug|Any CPU.ActiveCfg = Debug|Any CPU
		{A37DC13B-12EE-4E87-B76A-07858FF0569C}.Debug|Any CPU.Build.0 = Debug|Any CPU
		{A37DC13B-12EE-4E87-B76A-07858FF0569C}.Release|Any CPU.ActiveCfg = Release|Any CPU
		{A37DC13B-12EE-4E87-B76A-07858FF0569C}.Release|Any CPU.Build.0 = Release|Any CPU
	EndGlobalSection
	GlobalSection(SolutionProperties) = preSolution
		HideSolutionNode = FALSE
	EndGlobalSection
	GlobalSection(ExtensibilityGlobals) = postSolution
		SolutionGuid = {B87693C7-0339-43B8-8183-B9747A2B33EF}
	EndGlobalSection
EndGlobal
